<?xml version="1.0" encoding="utf-8"?>
<Project ToolsVersion="4.0" xmlns="http://schemas.microsoft.com/developer/msbuild/2003">
  <ItemGroup>
    <Filter Include="Source Files">
      <UniqueIdentifier>{4FC737F1-C7A5-4376-A066-2A32D752A2FF}</UniqueIdentifier>
      <Extensions>cpp;c;cc;cxx;c++;cppm;ixx;def;odl;idl;hpj;bat;asm;asmx</Extensions>
    </Filter>
    <Filter Include="Header Files">
      <UniqueIdentifier>{93995380-89BD-4b04-88EB-625FBE52EBFB}</UniqueIdentifier>
      <Extensions>h;hh;hpp;hxx;h++;hm;inl;inc;ipp;xsd</Extensions>
    </Filter>
    <Filter Include="Resource Files">
      <UniqueIdentifier>{67DA6AB6-F800-4c08-8B7A-83BB121AAD01}</UniqueIdentifier>
      <Extensions>rc;ico;cur;bmp;dlg;rc2;rct;bin;rgs;gif;jpg;jpeg;jpe;resx;tiff;tif;png;wav;mfcribbon-ms</Extensions>
    </Filter>
    <Filter Include="Source Files\Simple">
      <UniqueIdentifier>{e1b2ceb3-2bcb-49c6-b9b1-4a168ad2e584}</UniqueIdentifier>
    </Filter>
    <Filter Include="Source Files\Medium">
      <UniqueIdentifier>{e00a7764-2985-4098-b032-a1e36d82ab2e}</UniqueIdentifier>
    </Filter>
    <Filter Include="Source Files\Hard">
      <UniqueIdentifier>{7743fef6-549c-4a00-840a-1819b2c40118}</UniqueIdentifier>
    </Filter>
    <Filter Include="Source Files\Log">
      <UniqueIdentifier>{086aca0e-1a15-4ecc-bf97-9b867062c311}</UniqueIdentifier>
    </Filter>
  </ItemGroup>
  <ItemGroup>
    <ClCompile Include="Main.cpp">
      <Filter>Source Files</Filter>
    </ClCompile>
    <ClCompile Include="RemoveElements.cpp">
      <Filter>Source Files\Simple</Filter>
    </ClCompile>
    <ClCompile Include="MergeSortedArrary.cpp">
      <Filter>Source Files\Simple</Filter>
    </ClCompile>
    <ClCompile Include="RemoveDuplicates.cpp">
      <Filter>Source Files\Simple</Filter>
    </ClCompile>
    <ClCompile Include="RemoveDuplicateMedium.cpp">
      <Filter>Source Files\Medium</Filter>
    </ClCompile>
    <ClCompile Include="MajorityElement.cpp">
      <Filter>Source Files\Simple</Filter>
    </ClCompile>
    <ClCompile Include="RotatedArrary.cpp">
      <Filter>Source Files\Medium</Filter>
    </ClCompile>
    <ClCompile Include="Logger.cpp">
      <Filter>Source Files\Log</Filter>
    </ClCompile>
    <ClCompile Include="MaxProfit.cpp">
      <Filter>Source Files\Simple</Filter>
    </ClCompile>
    <ClCompile Include="MaxProfitMedium.cpp">
      <Filter>Source Files\Medium</Filter>
    </ClCompile>
    <ClCompile Include="JumpGame.cpp">
      <Filter>Source Files\Medium</Filter>
    </ClCompile>
  </ItemGroup>
  <ItemGroup>
    <ClInclude Include="logger.h">
      <Filter>Header Files</Filter>
    </ClInclude>
  </ItemGroup>
</Project>